// !$*UTF8*$!
{
	archiveVersion = 1;
	classes = {
	};
	objectVersion = 46;
	objects = {

/* Begin PBXBuildFile section */
		04E8B5D01B72E8DC000332F0 /* main.m in Sources */ = {isa = PBXBuildFile; fileRef = 04E8B5CF1B72E8DC000332F0 /* main.m */; };
		04E8B5D31B72E8DC000332F0 /* AppDelegate.m in Sources */ = {isa = PBXBuildFile; fileRef = 04E8B5D21B72E8DC000332F0 /* AppDelegate.m */; };
		04E8B5D61B72E8DC000332F0 /* ViewController.m in Sources */ = {isa = PBXBuildFile; fileRef = 04E8B5D51B72E8DC000332F0 /* ViewController.m */; };
		04E8B5D91B72E8DC000332F0 /* Main.storyboard in Resources */ = {isa = PBXBuildFile; fileRef = 04E8B5D71B72E8DC000332F0 /* Main.storyboard */; };
		04E8B5DB1B72E8DC000332F0 /* Images.xcassets in Resources */ = {isa = PBXBuildFile; fileRef = 04E8B5DA1B72E8DC000332F0 /* Images.xcassets */; };
		04E8B5DE1B72E8DC000332F0 /* LaunchScreen.xib in Resources */ = {isa = PBXBuildFile; fileRef = 04E8B5DC1B72E8DC000332F0 /* LaunchScreen.xib */; };
		04E8B5EA1B72E8DC000332F0 /* ___Tests.m in Sources */ = {isa = PBXBuildFile; fileRef = 04E8B5E91B72E8DC000332F0 /* ___Tests.m */; };
/* End PBXBuildFile section */

/* Begin PBXContainerItemProxy section */
		04E8B5E41B72E8DC000332F0 /* PBXContainerItemProxy */ = {
			isa = PBXContainerItemProxy;
			containerPortal = 04E8B5C21B72E8DC000332F0 /* Project object */;
			proxyType = 1;
			remoteGlobalIDString = 04E8B5C91B72E8DC000332F0;
			remoteInfo = "添金投";
		};
/* End PBXContainerItemProxy section */

/* Begin PBXFileReference section */
		04E8B5CA1B72E8DC000332F0 /* 添金投.app */ = {isa = PBXFileReference; explicitFileType = wrapper.application; includeInIndex = 0; path = "添金投.app"; sourceTree = BUILT_PRODUCTS_DIR; };
		04E8B5CE1B72E8DC000332F0 /* Info.plist */ = {isa = PBXFileReference; lastKnownFileType = text.plist.xml; path = Info.plist; sourceTree = "<group>"; };
		04E8B5CF1B72E8DC000332F0 /* main.m */ = {isa = PBXFileReference; lastKnownFileType = sourcecode.c.objc; path = main.m; sourceTree = "<group>"; };
		04E8B5D11B72E8DC000332F0 /* AppDelegate.h */ = {isa = PBXFileReference; lastKnownFileType = sourcecode.c.h; path = AppDelegate.h; sourceTree = "<group>"; };
		04E8B5D21B72E8DC000332F0 /* AppDelegate.m */ = {isa = PBXFileReference; lastKnownFileType = sourcecode.c.objc; path = AppDelegate.m; sourceTree = "<group>"; };
		04E8B5D41B72E8DC000332F0 /* ViewController.h */ = {isa = PBXFileReference; lastKnownFileType = sourcecode.c.h; path = ViewController.h; sourceTree = "<group>"; };
		04E8B5D51B72E8DC000332F0 /* ViewController.m */ = {isa = PBXFileReference; lastKnownFileType = sourcecode.c.objc; path = ViewController.m; sourceTree = "<group>"; };
		04E8B5D81B72E8DC000332F0 /* Base */ = {isa = PBXFileReference; lastKnownFileType = file.storyboard; name = Base; path = Base.lproj/Main.storyboard; sourceTree = "<group>"; };
		04E8B5DA1B72E8DC000332F0 /* Images.xcassets */ = {isa = PBXFileReference; lastKnownFileType = folder.assetcatalog; path = Images.xcassets; sourceTree = "<group>"; };
		04E8B5DD1B72E8DC000332F0 /* Base */ = {isa = PBXFileReference; lastKnownFileType = file.xib; name = Base; path = Base.lproj/LaunchScreen.xib; sourceTree = "<group>"; };
		04E8B5E31B72E8DC000332F0 /* 添金投Tests.xctest */ = {isa = PBXFileReference; explicitFileType = wrapper.cfbundle; includeInIndex = 0; path = "添金投Tests.xctest"; sourceTree = BUILT_PRODUCTS_DIR; };
		04E8B5E81B72E8DC000332F0 /* Info.plist */ = {isa = PBXFileReference; lastKnownFileType = text.plist.xml; path = Info.plist; sourceTree = "<group>"; };
		04E8B5E91B72E8DC000332F0 /* ___Tests.m */ = {isa = PBXFileReference; lastKnownFileType = sourcecode.c.objc; path = "___Tests.m"; sourceTree = "<group>"; };
/* End PBXFileReference section */

/* Begin PBXFrameworksBuildPhase section */
		04E8B5C71B72E8DC000332F0 /* Frameworks */ = {
			isa = PBXFrameworksBuildPhase;
			buildActionMask = 2147483647;
			files = (
			);
			runOnlyForDeploymentPostprocessing = 0;
		};
		04E8B5E01B72E8DC000332F0 /* Frameworks */ = {
			isa = PBXFrameworksBuildPhase;
			buildActionMask = 2147483647;
			files = (
			);
			runOnlyForDeploymentPostprocessing = 0;
		};
/* End PBXFrameworksBuildPhase section */

/* Begin PBXGroup section */
		04E8B5C11B72E8DC000332F0 = {
			isa = PBXGroup;
			children = (
				04E8B5CC1B72E8DC000332F0 /* 添金投 */,
				04E8B5E61B72E8DC000332F0 /* 添金投Tests */,
				04E8B5CB1B72E8DC000332F0 /* Products */,
			);
			sourceTree = "<group>";
		};
		04E8B5CB1B72E8DC000332F0 /* Products */ = {
			isa = PBXGroup;
			children = (
				04E8B5CA1B72E8DC000332F0 /* 添金投.app */,
				04E8B5E31B72E8DC000332F0 /* 添金投Tests.xctest */,
			);
			name = Products;
			sourceTree = "<group>";
		};
		04E8B5CC1B72E8DC000332F0 /* 添金投 */ = {
			isa = PBXGroup;
			children = (
				04E8B5D11B72E8DC000332F0 /* AppDelegate.h */,
				04E8B5D21B72E8DC000332F0 /* AppDelegate.m */,
				04E8B5D41B72E8DC000332F0 /* ViewController.h */,
				04E8B5D51B72E8DC000332F0 /* ViewController.m */,
				04E8B5D71B72E8DC000332F0 /* Main.storyboard */,
				04E8B5DA1B72E8DC000332F0 /* Images.xcassets */,
				04E8B5DC1B72E8DC000332F0 /* LaunchScreen.xib */,
				04E8B5CD1B72E8DC000332F0 /* Supporting Files */,
			);
			path = "添金投";
			sourceTree = "<group>";
		};
		04E8B5CD1B72E8DC000332F0 /* Supporting Files */ = {
			isa = PBXGroup;
			children = (
				04E8B5CE1B72E8DC000332F0 /* Info.plist */,
				04E8B5CF1B72E8DC000332F0 /* main.m */,
			);
			name = "Supporting Files";
			sourceTree = "<group>";
		};
		04E8B5E61B72E8DC000332F0 /* 添金投Tests */ = {
			isa = PBXGroup;
			children = (
				04E8B5E91B72E8DC000332F0 /* ___Tests.m */,
				04E8B5E71B72E8DC000332F0 /* Supporting Files */,
			);
			path = "添金投Tests";
			sourceTree = "<group>";
		};
		04E8B5E71B72E8DC000332F0 /* Supporting Files */ = {
			isa = PBXGroup;
			children = (
				04E8B5E81B72E8DC000332F0 /* Info.plist */,
			);
			name = "Supporting Files";
			sourceTree = "<group>";
		};
/* End PBXGroup section */

/* Begin PBXNativeTarget section */
		04E8B5C91B72E8DC000332F0 /* 添金投 */ = {
			isa = PBXNativeTarget;
			buildConfigurationList = 04E8B5ED1B72E8DC000332F0 /* Build configuration list for PBXNativeTarget "添金投" */;
			buildPhases = (
				04E8B5C61B72E8DC000332F0 /* Sources */,
				04E8B5C71B72E8DC000332F0 /* Frameworks */,
				04E8B5C81B72E8DC000332F0 /* Resources */,
			);
			buildRules = (
			);
			dependencies = (
			);
			name = "添金投";
			productName = "添金投";
			productReference = 04E8B5CA1B72E8DC000332F0 /* 添金投.app */;
			productType = "com.apple.product-type.application";
		};
		04E8B5E21B72E8DC000332F0 /* 添金投Tests */ = {
			isa = PBXNativeTarget;
			buildConfigurationList = 04E8B5F01B72E8DC000332F0 /* Build configuration list for PBXNativeTarget "添金投Tests" */;
			buildPhases = (
				04E8B5DF1B72E8DC000332F0 /* Sources */,
				04E8B5E01B72E8DC000332F0 /* Frameworks */,
				04E8B5E11B72E8DC000332F0 /* Resources */,
			);
			buildRules = (
			);
			dependencies = (
				04E8B5E51B72E8DC000332F0 /* PBXTargetDependency */,
			);
			name = "添金投Tests";
			productName = "添金投Tests";
			productReference = 04E8B5E31B72E8DC000332F0 /* 添金投Tests.xctest */;
			productType = "com.apple.product-type.bundle.unit-test";
		};
/* End PBXNativeTarget section */

/* Begin PBXProject section */
		04E8B5C21B72E8DC000332F0 /* Project object */ = {
			isa = PBXProject;
			attributes = {
				LastUpgradeCheck = 0640;
				ORGANIZATIONNAME = ApexSoft;
				TargetAttributes = {
					04E8B5C91B72E8DC000332F0 = {
						CreatedOnToolsVersion = 6.4;
					};
					04E8B5E21B72E8DC000332F0 = {
						CreatedOnToolsVersion = 6.4;
						TestTargetID = 04E8B5C91B72E8DC000332F0;
					};
				};
			};
			buildConfigurationList = 04E8B5C51B72E8DC000332F0 /* Build configuration list for PBXProject "添金投" */;
			compatibilityVersion = "Xcode 3.2";
			developmentRegion = English;
			hasScannedForEncodings = 0;
			knownRegions = (
				en,
				Base,
			);
			mainGroup = 04E8B5C11B72E8DC000332F0;
			productRefGroup = 04E8B5CB1B72E8DC000332F0 /* Products */;
			projectDirPath = "";
			projectRoot = "";
			targets = (
				04E8B5C91B72E8DC000332F0 /* 添金投 */,
				04E8B5E21B72E8DC000332F0 /* 添金投Tests */,
			);
		};
/* End PBXProject section */

/* Begin PBXResourcesBuildPhase section */
		04E8B5C81B72E8DC000332F0 /* Resources */ = {
			isa = PBXResourcesBuildPhase;
			buildActionMask = 2147483647;
			files = (
				04E8B5D91B72E8DC000332F0 /* Main.storyboard in Resources */,
				04E8B5DE1B72E8DC000332F0 /* LaunchScreen.xib in Resources */,
				04E8B5DB1B72E8DC000332F0 /* Images.xcassets in Resources */,
			);
			runOnlyForDeploymentPostprocessing = 0;
		};
		04E8B5E11B72E8DC000332F0 /* Resources */ = {
			isa = PBXResourcesBuildPhase;
			buildActionMask = 2147483647;
			files = (
			);
			runOnlyForDeploymentPostprocessing = 0;
		};
/* End PBXResourcesBuildPhase section */

/* Begin PBXSourcesBuildPhase section */
		04E8B5C61B72E8DC000332F0 /* Sources */ = {
			isa = PBXSourcesBuildPhase;
			buildActionMask = 2147483647;
			files = (
				04E8B5D61B72E8DC000332F0 /* ViewController.m in Sources */,
				04E8B5D31B72E8DC000332F0 /* AppDelegate.m in Sources */,
				04E8B5D01B72E8DC000332F0 /* main.m in Sources */,
			);
			runOnlyForDeploymentPostprocessing = 0;
		};
		04E8B5DF1B72E8DC000332F0 /* Sources */ = {
			isa = PBXSourcesBuildPhase;
			buildActionMask = 2147483647;
			files = (
				04E8B5EA1B72E8DC000332F0 /* ___Tests.m in Sources */,
			);
			runOnlyForDeploymentPostprocessing = 0;
		};
/* End PBXSourcesBuildPhase section */

/* Begin PBXTargetDependency section */
		04E8B5E51B72E8DC000332F0 /* PBXTargetDependency */ = {
			isa = PBXTargetDependency;
			target = 04E8B5C91B72E8DC000332F0 /* 添金投 */;
			targetProxy = 04E8B5E41B72E8DC000332F0 /* PBXContainerItemProxy */;
		};
/* End PBXTargetDependency section */

/* Begin PBXVariantGroup section */
		04E8B5D71B72E8DC000332F0 /* Main.storyboard */ = {
			isa = PBXVariantGroup;
			children = (
				04E8B5D81B72E8DC000332F0 /* Base */,
			);
			name = Main.storyboard;
			sourceTree = "<group>";
		};
		04E8B5DC1B72E8DC000332F0 /* LaunchScreen.xib */ = {
			isa = PBXVariantGroup;
			children = (
				04E8B5DD1B72E8DC000332F0 /* Base */,
			);
			name = LaunchScreen.xib;
			sourceTree = "<group>";
		};
/* End PBXVariantGroup section */

/* Begin XCBuildConfiguration section */
		04E8B5EB1B72E8DC000332F0 /* Debug */ = {
			isa = XCBuildConfiguration;
			buildSettings = {
				ALWAYS_SEARCH_USER_PATHS = NO;
				CLANG_CXX_LANGUAGE_STANDARD = "gnu++0x";
				CLANG_CXX_LIBRARY = "libc++";
				CLANG_ENABLE_MODULES = YES;
				CLANG_ENABLE_OBJC_ARC = YES;
				CLANG_WARN_BOOL_CONVERSION = YES;
				CLANG_WARN_CONSTANT_CONVERSION = YES;
				CLANG_WARN_DIRECT_OBJC_ISA_USAGE = YES_ERROR;
				CLANG_WARN_EMPTY_BODY = YES;
				CLANG_WARN_ENUM_CONVERSION = YES;
				CLANG_WARN_INT_CONVERSION = YES;
				CLANG_WARN_OBJC_ROOT_CLASS = YES_ERROR;
				CLANG_WARN_UNREACHABLE_CODE = YES;
				CLANG_WARN__DUPLICATE_METHOD_MATCH = YES;
				"CODE_SIGN_IDENTITY[sdk=iphoneos*]" = "iPhone Developer";
				COPY_PHASE_STRIP = NO;
				DEBUG_INFORMATION_FORMAT = "dwarf-with-dsym";
				ENABLE_STRICT_OBJC_MSGSEND = YES;
				GCC_C_LANGUAGE_STANDARD = gnu99;
				GCC_DYNAMIC_NO_PIC = NO;
				GCC_NO_COMMON_BLOCKS = YES;
				GCC_OPTIMIZATION_LEVEL = 0;
				GCC_PREPROCESSOR_DEFINITIONS = (
					"DEBUG=1",
					"$(inherited)",
				);
				GCC_SYMBOLS_PRIVATE_EXTERN = NO;
				GCC_WARN_64_TO_32_BIT_CONVERSION = YES;
				GCC_WARN_ABOUT_RETURN_TYPE = YES_ERROR;
				GCC_WARN_UNDECLARED_SELECTOR = YES;
				GCC_WARN_UNINITIALIZED_AUTOS = YES_AGGRESSIVE;
				GCC_WARN_UNUSED_FUNCTION = YES;
				GCC_WARN_UNUSED_VARIABLE = YES;
				IPHONEOS_DEPLOYMENT_TARGET = 8.4;
				MTL_ENABLE_DEBUG_INFO = YES;
				ONLY_ACTIVE_ARCH = YES;
				SDKROOT = iphoneos;
				TARGETED_DEVICE_FAMILY = "1,2";
			};
			name = Debug;
		};
		04E8B5EC1B72E8DC000332F0 /* Release */ = {
			isa = XCBuildConfiguration;
			buildSettings = {
				ALWAYS_SEARCH_USER_PATHS = NO;
				CLANG_CXX_LANGUAGE_STANDARD = "gnu++0x";
				CLANG_CXX_LIBRARY = "libc++";
				CLANG_ENABLE_MODULES = YES;
				CLANG_ENABLE_OBJC_ARC = YES;
				CLANG_WARN_BOOL_CONVERSION = YES;
				CLANG_WARN_CONSTANT_CONVERSION = YES;
				CLANG_WARN_DIRECT_OBJC_ISA_USAGE = YES_ERROR;
				CLANG_WARN_EMPTY_BODY = YES;
				CLANG_WARN_ENUM_CONVERSION = YES;
				CLANG_WARN_INT_CONVERSION = YES;
				CLANG_WARN_OBJC_ROOT_CLASS = YES_ERROR;
				CLANG_WARN_UNREACHABLE_CODE = YES;
				CLANG_WARN__DUPLICATE_METHOD_MATCH = YES;
				"CODE_SIGN_IDENTITY[sdk=iphoneos*]" = "iPhone Developer";
				COPY_PHASE_STRIP = NO;
				DEBUG_INFORMATION_FORMAT = "dwarf-with-dsym";
				ENABLE_NS_ASSERTIONS = NO;
				ENABLE_STRICT_OBJC_MSGSEND = YES;
				GCC_C_LANGUAGE_STANDARD = gnu99;
				GCC_NO_COMMON_BLOCKS = YES;
				GCC_WARN_64_TO_32_BIT_CONVERSION = YES;
				GCC_WARN_ABOUT_RETURN_TYPE = YES_ERROR;
				GCC_WARN_UNDECLARED_SELECTOR = YES;
				GCC_WARN_UNINITIALIZED_AUTOS = YES_AGGRESSIVE;
				GCC_WARN_UNUSED_FUNCTION = YES;
				GCC_WARN_UNUSED_VARIABLE = YES;
				IPHONEOS_DEPLOYMENT_TARGET = 8.4;
				MTL_ENABLE_DEBUG_INFO = NO;
				SDKROOT = iphoneos;
				TARGETED_DEVICE_FAMILY = "1,2";
				VALIDATE_PRODUCT = YES;
			};
			name = Release;
		};
		04E8B5EE1B72E8DC000332F0 /* Debug */ = {
			isa = XCBuildConfiguration;
			buildSettings = {
				ASSETCATALOG_COMPILER_APPICON_NAME = AppIcon;
				INFOPLIST_FILE = "添金投/Info.plist";
				LD_RUNPATH_SEARCH_PATHS = "$(inherited) @executable_path/Frameworks";
				PRODUCT_NAME = "$(TARGET_NAME)";
			};
			name = Debug;
		};
		04E8B5EF1B72E8DC000332F0 /* Release */ = {
			isa = XCBuildConfiguration;
			buildSettings = {
				ASSETCATALOG_COMPILER_APPICON_NAME = AppIcon;
				INFOPLIST_FILE = "添金投/Info.plist";
				LD_RUNPATH_SEARCH_PATHS = "$(inherited) @executable_path/Frameworks";
				PRODUCT_NAME = "$(TARGET_NAME)";
			};
			name = Release;
		};
		04E8B5F11B72E8DC000332F0 /* Debug */ = {
			isa = XCBuildConfiguration;
			buildSettings = {
				BUNDLE_LOADER = "$(TEST_HOST)";
				FRAMEWORK_SEARCH_PATHS = (
					"$(SDKROOT)/Developer/Library/Frameworks",
					"$(inherited)",
				);
				GCC_PREPROCESSOR_DEFINITIONS = (
					"DEBUG=1",
					"$(inherited)",
				);
				INFOPLIST_FILE = "添金投Tests/Info.plist";
				LD_RUNPATH_SEARCH_PATHS = "$(inherited) @executable_path/Frameworks @loader_path/Frameworks";
				PRODUCT_NAME = "$(TARGET_NAME)";
				TEST_HOST = "$(BUILT_PRODUCTS_DIR)/添金投.app/添金投";
			};
			name = Debug;
		};
		04E8B5F21B72E8DC000332F0 /* Release */ = {
			isa = XCBuildConfiguration;
			buildSettings = {
				BUNDLE_LOADER = "$(TEST_HOST)";
				FRAMEWORK_SEARCH_PATHS = (
					"$(SDKROOT)/Developer/Library/Frameworks",
					"$(inherited)",
				);
				INFOPLIST_FILE = "添金投Tests/Info.plist";
				LD_RUNPATH_SEARCH_PATHS = "$(inherited) @executable_path/Frameworks @loader_path/Frameworks";
				PRODUCT_NAME = "$(TARGET_NAME)";
				TEST_HOST = "$(BUILT_PRODUCTS_DIR)/添金投.app/添金投";
			};
			name = Release;
		};
/* End XCBuildConfiguration section */

/* Begin XCConfigurationList section */
		04E8B5C51B72E8DC000332F0 /* Build configuration list for PBXProject "添金投" */ = {
			isa = XCConfigurationList;
			buildConfigurations = (
				04E8B5EB1B72E8DC000332F0 /* Debug */,
				04E8B5EC1B72E8DC000332F0 /* Release */,
			);
			defaultConfigurationIsVisible = 0;
			defaultConfigurationName = Release;
		};
		04E8B5ED1B72E8DC000332F0 /* Build configuration list for PBXNativeTarget "添金投" */ = {
			isa = XCConfigurationList;
			buildConfigurations = (
				04E8B5EE1B72E8DC000332F0 /* Debug */,
				04E8B5EF1B72E8DC000332F0 /* Release */,
			);
			defaultConfigurationIsVisible = 0;
		};
		04E8B5F01B72E8DC000332F0 /* Build configuration list for PBXNativeTarget "添金投Tests" */ = {
			isa = XCConfigurationList;
			buildConfigurations = (
				04E8B5F11B72E8DC000332F0 /* Debug */,
				04E8B5F21B72E8DC000332F0 /* Release */,
			);
			defaultConfigurationIsVisible = 0;
		};
/* End XCConfigurationList section */
	};
	rootObject = 04E8B5C21B72E8DC000332F0 /* Project object */;
}
